
Microsoft Visual Studio Solution File, Format Version 12.00
# Visual Studio 14
VisualStudioVersion = 14.0.25420.1
MinimumVisualStudioVersion = 10.0.40219.1
Project("{FAE04EC0-301F-11D3-BF4B-00C04F79EFBC}") = "Engine", "DownloadEngine\Engine.csproj", "{79BEB838-098A-45F8-9AF9-6DE8E2D27375}"
EndProject
Project("{2150E333-8FDC-42A3-9474-1A3956D46DE8}") = "Desktop", "Desktop", "{5DCB6A9F-23DA-4420-B5FD-DD3EA458E196}"
EndProject
Project("{2150E333-8FDC-42A3-9474-1A3956D46DE8}") = "Android", "Android", "{935D8955-D141-4C40-9232-DFE0C1BBEE12}"
EndProject
Project("{FAE04EC0-301F-11D3-BF4B-00C04F79EFBC}") = "osi_Desktop", "Desktop\osi_Desktop\osi_Desktop.csproj", "{2EBBF37C-6725-44C2-AD81-977351725F09}"
	ProjectSection(ProjectDependencies) = postProject
		{B9CA6694-6F3F-4CFC-A8B3-CBE04D0037ED} = {B9CA6694-6F3F-4CFC-A8B3-CBE04D0037ED}
	EndProjectSection
EndProject
Project("{FAE04EC0-301F-11D3-BF4B-00C04F79EFBC}") = "LinkMonitor", "Desktop\LinkMonitor\LinkMonitor.csproj", "{B9CA6694-6F3F-4CFC-A8B3-CBE04D0037ED}"
EndProject
Project("{FAE04EC0-301F-11D3-BF4B-00C04F79EFBC}") = "ConsoleApplication1", "Desktop\ConsoleApplication1\ConsoleApplication1.csproj", "{83B2F167-54A9-48E2-B5AF-73C0C87D682B}"
EndProject
Project("{FAE04EC0-301F-11D3-BF4B-00C04F79EFBC}") = "osi_Android", "Android\osi_Android\osi_Android.csproj", "{102309A2-CB37-4581-8BC8-FE3AB0CCAF53}"
EndProject
Global
	GlobalSection(SolutionConfigurationPlatforms) = preSolution
		Debug|Any CPU = Debug|Any CPU
		Release|Any CPU = Release|Any CPU
	EndGlobalSection
	GlobalSection(ProjectConfigurationPlatforms) = postSolution
		{79BEB838-098A-45F8-9AF9-6DE8E2D27375}.Debug|Any CPU.ActiveCfg = Debug|Any CPU
		{79BEB838-098A-45F8-9AF9-6DE8E2D27375}.Debug|Any CPU.Build.0 = Debug|Any CPU
		{79BEB838-098A-45F8-9AF9-6DE8E2D27375}.Release|Any CPU.ActiveCfg = Release|Any CPU
		{79BEB838-098A-45F8-9AF9-6DE8E2D27375}.Release|Any CPU.Build.0 = Release|Any CPU
		{2EBBF37C-6725-44C2-AD81-977351725F09}.Debug|Any CPU.ActiveCfg = Debug|Any CPU
		{2EBBF37C-6725-44C2-AD81-977351725F09}.Debug|Any CPU.Build.0 = Debug|Any CPU
		{2EBBF37C-6725-44C2-AD81-977351725F09}.Release|Any CPU.ActiveCfg = Release|Any CPU
		{2EBBF37C-6725-44C2-AD81-977351725F09}.Release|Any CPU.Build.0 = Release|Any CPU
		{B9CA6694-6F3F-4CFC-A8B3-CBE04D0037ED}.Debug|Any CPU.ActiveCfg = Debug|Any CPU
		{B9CA6694-6F3F-4CFC-A8B3-CBE04D0037ED}.Debug|Any CPU.Build.0 = Debug|Any CPU
		{B9CA6694-6F3F-4CFC-A8B3-CBE04D0037ED}.Release|Any CPU.ActiveCfg = Release|Any CPU
		{B9CA6694-6F3F-4CFC-A8B3-CBE04D0037ED}.Release|Any CPU.Build.0 = Release|Any CPU
		{83B2F167-54A9-48E2-B5AF-73C0C87D682B}.Debug|Any CPU.ActiveCfg = Debug|Any CPU
		{83B2F167-54A9-48E2-B5AF-73C0C87D682B}.Debug|Any CPU.Build.0 = Debug|Any CPU
		{83B2F167-54A9-48E2-B5AF-73C0C87D682B}.Release|Any CPU.ActiveCfg = Release|Any CPU
		{83B2F167-54A9-48E2-B5AF-73C0C87D682B}.Release|Any CPU.Build.0 = Release|Any CPU
		{102309A2-CB37-4581-8BC8-FE3AB0CCAF53}.Debug|Any CPU.ActiveCfg = Debug|Any CPU
		{102309A2-CB37-4581-8BC8-FE3AB0CCAF53}.Debug|Any CPU.Build.0 = Debug|Any CPU
		{102309A2-CB37-4581-8BC8-FE3AB0CCAF53}.Debug|Any CPU.Deploy.0 = Debug|Any CPU
		{102309A2-CB37-4581-8BC8-FE3AB0CCAF53}.Release|Any CPU.ActiveCfg = Release|Any CPU
		{102309A2-CB37-4581-8BC8-FE3AB0CCAF53}.Release|Any CPU.Build.0 = Release|Any CPU
		{102309A2-CB37-4581-8BC8-FE3AB0CCAF53}.Release|Any CPU.Deploy.0 = Release|Any CPU
	EndGlobalSection
	GlobalSection(SolutionProperties) = preSolution
		HideSolutionNode = FALSE
	EndGlobalSection
	GlobalSection(NestedProjects) = preSolution
		{2EBBF37C-6725-44C2-AD81-977351725F09} = {5DCB6A9F-23DA-4420-B5FD-DD3EA458E196}
		{B9CA6694-6F3F-4CFC-A8B3-CBE04D0037ED} = {5DCB6A9F-23DA-4420-B5FD-DD3EA458E196}
		{83B2F167-54A9-48E2-B5AF-73C0C87D682B} = {5DCB6A9F-23DA-4420-B5FD-DD3EA458E196}
		{102309A2-CB37-4581-8BC8-FE3AB0CCAF53} = {935D8955-D141-4C40-9232-DFE0C1BBEE12}
	EndGlobalSection
EndGlobal
