
Microsoft Visual Studio Solution File, Format Version 12.00
# Visual Studio 15
VisualStudioVersion = 15.0.28307.136
MinimumVisualStudioVersion = 10.0.40219.1
Project("{FAE04EC0-301F-11D3-BF4B-00C04F79EFBC}") = "Engine", "DownloadEngine\Engine.csproj", "{79BEB838-098A-45F8-9AF9-6DE8E2D27375}"
EndProject
Project("{2150E333-8FDC-42A3-9474-1A3956D46DE8}") = "Desktop", "Desktop", "{5DCB6A9F-23DA-4420-B5FD-DD3EA458E196}"
EndProject
Project("{FAE04EC0-301F-11D3-BF4B-00C04F79EFBC}") = "osi_Desktop", "Desktop\osi_Desktop\osi_Desktop.csproj", "{2EBBF37C-6725-44C2-AD81-977351725F09}"
	ProjectSection(ProjectDependencies) = postProject
		{B9CA6694-6F3F-4CFC-A8B3-CBE04D0037ED} = {B9CA6694-6F3F-4CFC-A8B3-CBE04D0037ED}
	EndProjectSection
EndProject
Project("{FAE04EC0-301F-11D3-BF4B-00C04F79EFBC}") = "LinkMonitor", "Desktop\LinkMonitor\LinkMonitor.csproj", "{B9CA6694-6F3F-4CFC-A8B3-CBE04D0037ED}"
EndProject
Project("{FAE04EC0-301F-11D3-BF4B-00C04F79EFBC}") = "osi.Console", "Desktop\osi_Console\osi.Console.csproj", "{83B2F167-54A9-48E2-B5AF-73C0C87D682B}"
EndProject
Project("{FAE04EC0-301F-11D3-BF4B-00C04F79EFBC}") = "osi.Desktop", "osi.Desktop\osi.Desktop.csproj", "{5FB5CB29-018B-4C34-8378-5A0348F6BCD9}"
EndProject
Project("{FAE04EC0-301F-11D3-BF4B-00C04F79EFBC}") = "osi.Core", "osi.Core\osi.Core.csproj", "{8E36312E-CBF8-4232-AABD-303615FEBD1B}"
EndProject
Global
	GlobalSection(SolutionConfigurationPlatforms) = preSolution
		Ad-Hoc|Any CPU = Ad-Hoc|Any CPU
		Ad-Hoc|ARM = Ad-Hoc|ARM
		Ad-Hoc|iPhone = Ad-Hoc|iPhone
		Ad-Hoc|iPhoneSimulator = Ad-Hoc|iPhoneSimulator
		Ad-Hoc|x64 = Ad-Hoc|x64
		Ad-Hoc|x86 = Ad-Hoc|x86
		AppStore|Any CPU = AppStore|Any CPU
		AppStore|ARM = AppStore|ARM
		AppStore|iPhone = AppStore|iPhone
		AppStore|iPhoneSimulator = AppStore|iPhoneSimulator
		AppStore|x64 = AppStore|x64
		AppStore|x86 = AppStore|x86
		Debug|Any CPU = Debug|Any CPU
		Debug|ARM = Debug|ARM
		Debug|iPhone = Debug|iPhone
		Debug|iPhoneSimulator = Debug|iPhoneSimulator
		Debug|x64 = Debug|x64
		Debug|x86 = Debug|x86
		Release|Any CPU = Release|Any CPU
		Release|ARM = Release|ARM
		Release|iPhone = Release|iPhone
		Release|iPhoneSimulator = Release|iPhoneSimulator
		Release|x64 = Release|x64
		Release|x86 = Release|x86
	EndGlobalSection
	GlobalSection(ProjectConfigurationPlatforms) = postSolution
		{79BEB838-098A-45F8-9AF9-6DE8E2D27375}.Ad-Hoc|Any CPU.ActiveCfg = Release|Any CPU
		{79BEB838-098A-45F8-9AF9-6DE8E2D27375}.Ad-Hoc|Any CPU.Build.0 = Release|Any CPU
		{79BEB838-098A-45F8-9AF9-6DE8E2D27375}.Ad-Hoc|ARM.ActiveCfg = Release|Any CPU
		{79BEB838-098A-45F8-9AF9-6DE8E2D27375}.Ad-Hoc|ARM.Build.0 = Release|Any CPU
		{79BEB838-098A-45F8-9AF9-6DE8E2D27375}.Ad-Hoc|iPhone.ActiveCfg = Release|Any CPU
		{79BEB838-098A-45F8-9AF9-6DE8E2D27375}.Ad-Hoc|iPhone.Build.0 = Release|Any CPU
		{79BEB838-098A-45F8-9AF9-6DE8E2D27375}.Ad-Hoc|iPhoneSimulator.ActiveCfg = Release|Any CPU
		{79BEB838-098A-45F8-9AF9-6DE8E2D27375}.Ad-Hoc|iPhoneSimulator.Build.0 = Release|Any CPU
		{79BEB838-098A-45F8-9AF9-6DE8E2D27375}.Ad-Hoc|x64.ActiveCfg = Release|Any CPU
		{79BEB838-098A-45F8-9AF9-6DE8E2D27375}.Ad-Hoc|x64.Build.0 = Release|Any CPU
		{79BEB838-098A-45F8-9AF9-6DE8E2D27375}.Ad-Hoc|x86.ActiveCfg = Release|Any CPU
		{79BEB838-098A-45F8-9AF9-6DE8E2D27375}.Ad-Hoc|x86.Build.0 = Release|Any CPU
		{79BEB838-098A-45F8-9AF9-6DE8E2D27375}.AppStore|Any CPU.ActiveCfg = Release|Any CPU
		{79BEB838-098A-45F8-9AF9-6DE8E2D27375}.AppStore|Any CPU.Build.0 = Release|Any CPU
		{79BEB838-098A-45F8-9AF9-6DE8E2D27375}.AppStore|ARM.ActiveCfg = Release|Any CPU
		{79BEB838-098A-45F8-9AF9-6DE8E2D27375}.AppStore|ARM.Build.0 = Release|Any CPU
		{79BEB838-098A-45F8-9AF9-6DE8E2D27375}.AppStore|iPhone.ActiveCfg = Release|Any CPU
		{79BEB838-098A-45F8-9AF9-6DE8E2D27375}.AppStore|iPhone.Build.0 = Release|Any CPU
		{79BEB838-098A-45F8-9AF9-6DE8E2D27375}.AppStore|iPhoneSimulator.ActiveCfg = Release|Any CPU
		{79BEB838-098A-45F8-9AF9-6DE8E2D27375}.AppStore|iPhoneSimulator.Build.0 = Release|Any CPU
		{79BEB838-098A-45F8-9AF9-6DE8E2D27375}.AppStore|x64.ActiveCfg = Release|Any CPU
		{79BEB838-098A-45F8-9AF9-6DE8E2D27375}.AppStore|x64.Build.0 = Release|Any CPU
		{79BEB838-098A-45F8-9AF9-6DE8E2D27375}.AppStore|x86.ActiveCfg = Release|Any CPU
		{79BEB838-098A-45F8-9AF9-6DE8E2D27375}.AppStore|x86.Build.0 = Release|Any CPU
		{79BEB838-098A-45F8-9AF9-6DE8E2D27375}.Debug|Any CPU.ActiveCfg = Debug|Any CPU
		{79BEB838-098A-45F8-9AF9-6DE8E2D27375}.Debug|Any CPU.Build.0 = Debug|Any CPU
		{79BEB838-098A-45F8-9AF9-6DE8E2D27375}.Debug|ARM.ActiveCfg = Debug|Any CPU
		{79BEB838-098A-45F8-9AF9-6DE8E2D27375}.Debug|ARM.Build.0 = Debug|Any CPU
		{79BEB838-098A-45F8-9AF9-6DE8E2D27375}.Debug|iPhone.ActiveCfg = Debug|Any CPU
		{79BEB838-098A-45F8-9AF9-6DE8E2D27375}.Debug|iPhone.Build.0 = Debug|Any CPU
		{79BEB838-098A-45F8-9AF9-6DE8E2D27375}.Debug|iPhoneSimulator.ActiveCfg = Debug|Any CPU
		{79BEB838-098A-45F8-9AF9-6DE8E2D27375}.Debug|iPhoneSimulator.Build.0 = Debug|Any CPU
		{79BEB838-098A-45F8-9AF9-6DE8E2D27375}.Debug|x64.ActiveCfg = Debug|Any CPU
		{79BEB838-098A-45F8-9AF9-6DE8E2D27375}.Debug|x64.Build.0 = Debug|Any CPU
		{79BEB838-098A-45F8-9AF9-6DE8E2D27375}.Debug|x86.ActiveCfg = Debug|Any CPU
		{79BEB838-098A-45F8-9AF9-6DE8E2D27375}.Debug|x86.Build.0 = Debug|Any CPU
		{79BEB838-098A-45F8-9AF9-6DE8E2D27375}.Release|Any CPU.ActiveCfg = Release|Any CPU
		{79BEB838-098A-45F8-9AF9-6DE8E2D27375}.Release|Any CPU.Build.0 = Release|Any CPU
		{79BEB838-098A-45F8-9AF9-6DE8E2D27375}.Release|ARM.ActiveCfg = Release|Any CPU
		{79BEB838-098A-45F8-9AF9-6DE8E2D27375}.Release|ARM.Build.0 = Release|Any CPU
		{79BEB838-098A-45F8-9AF9-6DE8E2D27375}.Release|iPhone.ActiveCfg = Release|Any CPU
		{79BEB838-098A-45F8-9AF9-6DE8E2D27375}.Release|iPhone.Build.0 = Release|Any CPU
		{79BEB838-098A-45F8-9AF9-6DE8E2D27375}.Release|iPhoneSimulator.ActiveCfg = Release|Any CPU
		{79BEB838-098A-45F8-9AF9-6DE8E2D27375}.Release|iPhoneSimulator.Build.0 = Release|Any CPU
		{79BEB838-098A-45F8-9AF9-6DE8E2D27375}.Release|x64.ActiveCfg = Release|Any CPU
		{79BEB838-098A-45F8-9AF9-6DE8E2D27375}.Release|x64.Build.0 = Release|Any CPU
		{79BEB838-098A-45F8-9AF9-6DE8E2D27375}.Release|x86.ActiveCfg = Release|Any CPU
		{79BEB838-098A-45F8-9AF9-6DE8E2D27375}.Release|x86.Build.0 = Release|Any CPU
		{2EBBF37C-6725-44C2-AD81-977351725F09}.Ad-Hoc|Any CPU.ActiveCfg = Release|Any CPU
		{2EBBF37C-6725-44C2-AD81-977351725F09}.Ad-Hoc|Any CPU.Build.0 = Release|Any CPU
		{2EBBF37C-6725-44C2-AD81-977351725F09}.Ad-Hoc|ARM.ActiveCfg = Release|Any CPU
		{2EBBF37C-6725-44C2-AD81-977351725F09}.Ad-Hoc|ARM.Build.0 = Release|Any CPU
		{2EBBF37C-6725-44C2-AD81-977351725F09}.Ad-Hoc|iPhone.ActiveCfg = Release|Any CPU
		{2EBBF37C-6725-44C2-AD81-977351725F09}.Ad-Hoc|iPhone.Build.0 = Release|Any CPU
		{2EBBF37C-6725-44C2-AD81-977351725F09}.Ad-Hoc|iPhoneSimulator.ActiveCfg = Release|Any CPU
		{2EBBF37C-6725-44C2-AD81-977351725F09}.Ad-Hoc|iPhoneSimulator.Build.0 = Release|Any CPU
		{2EBBF37C-6725-44C2-AD81-977351725F09}.Ad-Hoc|x64.ActiveCfg = Release|Any CPU
		{2EBBF37C-6725-44C2-AD81-977351725F09}.Ad-Hoc|x64.Build.0 = Release|Any CPU
		{2EBBF37C-6725-44C2-AD81-977351725F09}.Ad-Hoc|x86.ActiveCfg = Release|Any CPU
		{2EBBF37C-6725-44C2-AD81-977351725F09}.Ad-Hoc|x86.Build.0 = Release|Any CPU
		{2EBBF37C-6725-44C2-AD81-977351725F09}.AppStore|Any CPU.ActiveCfg = Release|Any CPU
		{2EBBF37C-6725-44C2-AD81-977351725F09}.AppStore|Any CPU.Build.0 = Release|Any CPU
		{2EBBF37C-6725-44C2-AD81-977351725F09}.AppStore|ARM.ActiveCfg = Release|Any CPU
		{2EBBF37C-6725-44C2-AD81-977351725F09}.AppStore|ARM.Build.0 = Release|Any CPU
		{2EBBF37C-6725-44C2-AD81-977351725F09}.AppStore|iPhone.ActiveCfg = Release|Any CPU
		{2EBBF37C-6725-44C2-AD81-977351725F09}.AppStore|iPhone.Build.0 = Release|Any CPU
		{2EBBF37C-6725-44C2-AD81-977351725F09}.AppStore|iPhoneSimulator.ActiveCfg = Release|Any CPU
		{2EBBF37C-6725-44C2-AD81-977351725F09}.AppStore|iPhoneSimulator.Build.0 = Release|Any CPU
		{2EBBF37C-6725-44C2-AD81-977351725F09}.AppStore|x64.ActiveCfg = Release|Any CPU
		{2EBBF37C-6725-44C2-AD81-977351725F09}.AppStore|x64.Build.0 = Release|Any CPU
		{2EBBF37C-6725-44C2-AD81-977351725F09}.AppStore|x86.ActiveCfg = Release|Any CPU
		{2EBBF37C-6725-44C2-AD81-977351725F09}.AppStore|x86.Build.0 = Release|Any CPU
		{2EBBF37C-6725-44C2-AD81-977351725F09}.Debug|Any CPU.ActiveCfg = Debug|Any CPU
		{2EBBF37C-6725-44C2-AD81-977351725F09}.Debug|Any CPU.Build.0 = Debug|Any CPU
		{2EBBF37C-6725-44C2-AD81-977351725F09}.Debug|ARM.ActiveCfg = Debug|Any CPU
		{2EBBF37C-6725-44C2-AD81-977351725F09}.Debug|ARM.Build.0 = Debug|Any CPU
		{2EBBF37C-6725-44C2-AD81-977351725F09}.Debug|iPhone.ActiveCfg = Debug|Any CPU
		{2EBBF37C-6725-44C2-AD81-977351725F09}.Debug|iPhone.Build.0 = Debug|Any CPU
		{2EBBF37C-6725-44C2-AD81-977351725F09}.Debug|iPhoneSimulator.ActiveCfg = Debug|Any CPU
		{2EBBF37C-6725-44C2-AD81-977351725F09}.Debug|iPhoneSimulator.Build.0 = Debug|Any CPU
		{2EBBF37C-6725-44C2-AD81-977351725F09}.Debug|x64.ActiveCfg = Debug|Any CPU
		{2EBBF37C-6725-44C2-AD81-977351725F09}.Debug|x64.Build.0 = Debug|Any CPU
		{2EBBF37C-6725-44C2-AD81-977351725F09}.Debug|x86.ActiveCfg = Debug|Any CPU
		{2EBBF37C-6725-44C2-AD81-977351725F09}.Debug|x86.Build.0 = Debug|Any CPU
		{2EBBF37C-6725-44C2-AD81-977351725F09}.Release|Any CPU.ActiveCfg = Release|Any CPU
		{2EBBF37C-6725-44C2-AD81-977351725F09}.Release|Any CPU.Build.0 = Release|Any CPU
		{2EBBF37C-6725-44C2-AD81-977351725F09}.Release|ARM.ActiveCfg = Release|Any CPU
		{2EBBF37C-6725-44C2-AD81-977351725F09}.Release|ARM.Build.0 = Release|Any CPU
		{2EBBF37C-6725-44C2-AD81-977351725F09}.Release|iPhone.ActiveCfg = Release|Any CPU
		{2EBBF37C-6725-44C2-AD81-977351725F09}.Release|iPhone.Build.0 = Release|Any CPU
		{2EBBF37C-6725-44C2-AD81-977351725F09}.Release|iPhoneSimulator.ActiveCfg = Release|Any CPU
		{2EBBF37C-6725-44C2-AD81-977351725F09}.Release|iPhoneSimulator.Build.0 = Release|Any CPU
		{2EBBF37C-6725-44C2-AD81-977351725F09}.Release|x64.ActiveCfg = Release|Any CPU
		{2EBBF37C-6725-44C2-AD81-977351725F09}.Release|x64.Build.0 = Release|Any CPU
		{2EBBF37C-6725-44C2-AD81-977351725F09}.Release|x86.ActiveCfg = Release|Any CPU
		{2EBBF37C-6725-44C2-AD81-977351725F09}.Release|x86.Build.0 = Release|Any CPU
		{B9CA6694-6F3F-4CFC-A8B3-CBE04D0037ED}.Ad-Hoc|Any CPU.ActiveCfg = Release|Any CPU
		{B9CA6694-6F3F-4CFC-A8B3-CBE04D0037ED}.Ad-Hoc|Any CPU.Build.0 = Release|Any CPU
		{B9CA6694-6F3F-4CFC-A8B3-CBE04D0037ED}.Ad-Hoc|ARM.ActiveCfg = Release|Any CPU
		{B9CA6694-6F3F-4CFC-A8B3-CBE04D0037ED}.Ad-Hoc|ARM.Build.0 = Release|Any CPU
		{B9CA6694-6F3F-4CFC-A8B3-CBE04D0037ED}.Ad-Hoc|iPhone.ActiveCfg = Release|Any CPU
		{B9CA6694-6F3F-4CFC-A8B3-CBE04D0037ED}.Ad-Hoc|iPhone.Build.0 = Release|Any CPU
		{B9CA6694-6F3F-4CFC-A8B3-CBE04D0037ED}.Ad-Hoc|iPhoneSimulator.ActiveCfg = Release|Any CPU
		{B9CA6694-6F3F-4CFC-A8B3-CBE04D0037ED}.Ad-Hoc|iPhoneSimulator.Build.0 = Release|Any CPU
		{B9CA6694-6F3F-4CFC-A8B3-CBE04D0037ED}.Ad-Hoc|x64.ActiveCfg = Release|Any CPU
		{B9CA6694-6F3F-4CFC-A8B3-CBE04D0037ED}.Ad-Hoc|x64.Build.0 = Release|Any CPU
		{B9CA6694-6F3F-4CFC-A8B3-CBE04D0037ED}.Ad-Hoc|x86.ActiveCfg = Release|Any CPU
		{B9CA6694-6F3F-4CFC-A8B3-CBE04D0037ED}.Ad-Hoc|x86.Build.0 = Release|Any CPU
		{B9CA6694-6F3F-4CFC-A8B3-CBE04D0037ED}.AppStore|Any CPU.ActiveCfg = Release|Any CPU
		{B9CA6694-6F3F-4CFC-A8B3-CBE04D0037ED}.AppStore|Any CPU.Build.0 = Release|Any CPU
		{B9CA6694-6F3F-4CFC-A8B3-CBE04D0037ED}.AppStore|ARM.ActiveCfg = Release|Any CPU
		{B9CA6694-6F3F-4CFC-A8B3-CBE04D0037ED}.AppStore|ARM.Build.0 = Release|Any CPU
		{B9CA6694-6F3F-4CFC-A8B3-CBE04D0037ED}.AppStore|iPhone.ActiveCfg = Release|Any CPU
		{B9CA6694-6F3F-4CFC-A8B3-CBE04D0037ED}.AppStore|iPhone.Build.0 = Release|Any CPU
		{B9CA6694-6F3F-4CFC-A8B3-CBE04D0037ED}.AppStore|iPhoneSimulator.ActiveCfg = Release|Any CPU
		{B9CA6694-6F3F-4CFC-A8B3-CBE04D0037ED}.AppStore|iPhoneSimulator.Build.0 = Release|Any CPU
		{B9CA6694-6F3F-4CFC-A8B3-CBE04D0037ED}.AppStore|x64.ActiveCfg = Release|Any CPU
		{B9CA6694-6F3F-4CFC-A8B3-CBE04D0037ED}.AppStore|x64.Build.0 = Release|Any CPU
		{B9CA6694-6F3F-4CFC-A8B3-CBE04D0037ED}.AppStore|x86.ActiveCfg = Release|Any CPU
		{B9CA6694-6F3F-4CFC-A8B3-CBE04D0037ED}.AppStore|x86.Build.0 = Release|Any CPU
		{B9CA6694-6F3F-4CFC-A8B3-CBE04D0037ED}.Debug|Any CPU.ActiveCfg = Debug|Any CPU
		{B9CA6694-6F3F-4CFC-A8B3-CBE04D0037ED}.Debug|Any CPU.Build.0 = Debug|Any CPU
		{B9CA6694-6F3F-4CFC-A8B3-CBE04D0037ED}.Debug|ARM.ActiveCfg = Debug|Any CPU
		{B9CA6694-6F3F-4CFC-A8B3-CBE04D0037ED}.Debug|ARM.Build.0 = Debug|Any CPU
		{B9CA6694-6F3F-4CFC-A8B3-CBE04D0037ED}.Debug|iPhone.ActiveCfg = Debug|Any CPU
		{B9CA6694-6F3F-4CFC-A8B3-CBE04D0037ED}.Debug|iPhone.Build.0 = Debug|Any CPU
		{B9CA6694-6F3F-4CFC-A8B3-CBE04D0037ED}.Debug|iPhoneSimulator.ActiveCfg = Debug|Any CPU
		{B9CA6694-6F3F-4CFC-A8B3-CBE04D0037ED}.Debug|iPhoneSimulator.Build.0 = Debug|Any CPU
		{B9CA6694-6F3F-4CFC-A8B3-CBE04D0037ED}.Debug|x64.ActiveCfg = Debug|Any CPU
		{B9CA6694-6F3F-4CFC-A8B3-CBE04D0037ED}.Debug|x64.Build.0 = Debug|Any CPU
		{B9CA6694-6F3F-4CFC-A8B3-CBE04D0037ED}.Debug|x86.ActiveCfg = Debug|Any CPU
		{B9CA6694-6F3F-4CFC-A8B3-CBE04D0037ED}.Debug|x86.Build.0 = Debug|Any CPU
		{B9CA6694-6F3F-4CFC-A8B3-CBE04D0037ED}.Release|Any CPU.ActiveCfg = Release|Any CPU
		{B9CA6694-6F3F-4CFC-A8B3-CBE04D0037ED}.Release|Any CPU.Build.0 = Release|Any CPU
		{B9CA6694-6F3F-4CFC-A8B3-CBE04D0037ED}.Release|ARM.ActiveCfg = Release|Any CPU
		{B9CA6694-6F3F-4CFC-A8B3-CBE04D0037ED}.Release|ARM.Build.0 = Release|Any CPU
		{B9CA6694-6F3F-4CFC-A8B3-CBE04D0037ED}.Release|iPhone.ActiveCfg = Release|Any CPU
		{B9CA6694-6F3F-4CFC-A8B3-CBE04D0037ED}.Release|iPhone.Build.0 = Release|Any CPU
		{B9CA6694-6F3F-4CFC-A8B3-CBE04D0037ED}.Release|iPhoneSimulator.ActiveCfg = Release|Any CPU
		{B9CA6694-6F3F-4CFC-A8B3-CBE04D0037ED}.Release|iPhoneSimulator.Build.0 = Release|Any CPU
		{B9CA6694-6F3F-4CFC-A8B3-CBE04D0037ED}.Release|x64.ActiveCfg = Release|Any CPU
		{B9CA6694-6F3F-4CFC-A8B3-CBE04D0037ED}.Release|x64.Build.0 = Release|Any CPU
		{B9CA6694-6F3F-4CFC-A8B3-CBE04D0037ED}.Release|x86.ActiveCfg = Release|Any CPU
		{B9CA6694-6F3F-4CFC-A8B3-CBE04D0037ED}.Release|x86.Build.0 = Release|Any CPU
		{83B2F167-54A9-48E2-B5AF-73C0C87D682B}.Ad-Hoc|Any CPU.ActiveCfg = Release|Any CPU
		{83B2F167-54A9-48E2-B5AF-73C0C87D682B}.Ad-Hoc|Any CPU.Build.0 = Release|Any CPU
		{83B2F167-54A9-48E2-B5AF-73C0C87D682B}.Ad-Hoc|ARM.ActiveCfg = Release|Any CPU
		{83B2F167-54A9-48E2-B5AF-73C0C87D682B}.Ad-Hoc|ARM.Build.0 = Release|Any CPU
		{83B2F167-54A9-48E2-B5AF-73C0C87D682B}.Ad-Hoc|iPhone.ActiveCfg = Release|Any CPU
		{83B2F167-54A9-48E2-B5AF-73C0C87D682B}.Ad-Hoc|iPhone.Build.0 = Release|Any CPU
		{83B2F167-54A9-48E2-B5AF-73C0C87D682B}.Ad-Hoc|iPhoneSimulator.ActiveCfg = Release|Any CPU
		{83B2F167-54A9-48E2-B5AF-73C0C87D682B}.Ad-Hoc|iPhoneSimulator.Build.0 = Release|Any CPU
		{83B2F167-54A9-48E2-B5AF-73C0C87D682B}.Ad-Hoc|x64.ActiveCfg = Release|Any CPU
		{83B2F167-54A9-48E2-B5AF-73C0C87D682B}.Ad-Hoc|x64.Build.0 = Release|Any CPU
		{83B2F167-54A9-48E2-B5AF-73C0C87D682B}.Ad-Hoc|x86.ActiveCfg = Release|Any CPU
		{83B2F167-54A9-48E2-B5AF-73C0C87D682B}.Ad-Hoc|x86.Build.0 = Release|Any CPU
		{83B2F167-54A9-48E2-B5AF-73C0C87D682B}.AppStore|Any CPU.ActiveCfg = Release|Any CPU
		{83B2F167-54A9-48E2-B5AF-73C0C87D682B}.AppStore|Any CPU.Build.0 = Release|Any CPU
		{83B2F167-54A9-48E2-B5AF-73C0C87D682B}.AppStore|ARM.ActiveCfg = Release|Any CPU
		{83B2F167-54A9-48E2-B5AF-73C0C87D682B}.AppStore|ARM.Build.0 = Release|Any CPU
		{83B2F167-54A9-48E2-B5AF-73C0C87D682B}.AppStore|iPhone.ActiveCfg = Release|Any CPU
		{83B2F167-54A9-48E2-B5AF-73C0C87D682B}.AppStore|iPhone.Build.0 = Release|Any CPU
		{83B2F167-54A9-48E2-B5AF-73C0C87D682B}.AppStore|iPhoneSimulator.ActiveCfg = Release|Any CPU
		{83B2F167-54A9-48E2-B5AF-73C0C87D682B}.AppStore|iPhoneSimulator.Build.0 = Release|Any CPU
		{83B2F167-54A9-48E2-B5AF-73C0C87D682B}.AppStore|x64.ActiveCfg = Release|Any CPU
		{83B2F167-54A9-48E2-B5AF-73C0C87D682B}.AppStore|x64.Build.0 = Release|Any CPU
		{83B2F167-54A9-48E2-B5AF-73C0C87D682B}.AppStore|x86.ActiveCfg = Release|Any CPU
		{83B2F167-54A9-48E2-B5AF-73C0C87D682B}.AppStore|x86.Build.0 = Release|Any CPU
		{83B2F167-54A9-48E2-B5AF-73C0C87D682B}.Debug|Any CPU.ActiveCfg = Debug|Any CPU
		{83B2F167-54A9-48E2-B5AF-73C0C87D682B}.Debug|Any CPU.Build.0 = Debug|Any CPU
		{83B2F167-54A9-48E2-B5AF-73C0C87D682B}.Debug|ARM.ActiveCfg = Debug|Any CPU
		{83B2F167-54A9-48E2-B5AF-73C0C87D682B}.Debug|ARM.Build.0 = Debug|Any CPU
		{83B2F167-54A9-48E2-B5AF-73C0C87D682B}.Debug|iPhone.ActiveCfg = Debug|Any CPU
		{83B2F167-54A9-48E2-B5AF-73C0C87D682B}.Debug|iPhone.Build.0 = Debug|Any CPU
		{83B2F167-54A9-48E2-B5AF-73C0C87D682B}.Debug|iPhoneSimulator.ActiveCfg = Debug|Any CPU
		{83B2F167-54A9-48E2-B5AF-73C0C87D682B}.Debug|iPhoneSimulator.Build.0 = Debug|Any CPU
		{83B2F167-54A9-48E2-B5AF-73C0C87D682B}.Debug|x64.ActiveCfg = Debug|Any CPU
		{83B2F167-54A9-48E2-B5AF-73C0C87D682B}.Debug|x64.Build.0 = Debug|Any CPU
		{83B2F167-54A9-48E2-B5AF-73C0C87D682B}.Debug|x86.ActiveCfg = Debug|Any CPU
		{83B2F167-54A9-48E2-B5AF-73C0C87D682B}.Debug|x86.Build.0 = Debug|Any CPU
		{83B2F167-54A9-48E2-B5AF-73C0C87D682B}.Release|Any CPU.ActiveCfg = Release|Any CPU
		{83B2F167-54A9-48E2-B5AF-73C0C87D682B}.Release|Any CPU.Build.0 = Release|Any CPU
		{83B2F167-54A9-48E2-B5AF-73C0C87D682B}.Release|ARM.ActiveCfg = Release|Any CPU
		{83B2F167-54A9-48E2-B5AF-73C0C87D682B}.Release|ARM.Build.0 = Release|Any CPU
		{83B2F167-54A9-48E2-B5AF-73C0C87D682B}.Release|iPhone.ActiveCfg = Release|Any CPU
		{83B2F167-54A9-48E2-B5AF-73C0C87D682B}.Release|iPhone.Build.0 = Release|Any CPU
		{83B2F167-54A9-48E2-B5AF-73C0C87D682B}.Release|iPhoneSimulator.ActiveCfg = Release|Any CPU
		{83B2F167-54A9-48E2-B5AF-73C0C87D682B}.Release|iPhoneSimulator.Build.0 = Release|Any CPU
		{83B2F167-54A9-48E2-B5AF-73C0C87D682B}.Release|x64.ActiveCfg = Release|Any CPU
		{83B2F167-54A9-48E2-B5AF-73C0C87D682B}.Release|x64.Build.0 = Release|Any CPU
		{83B2F167-54A9-48E2-B5AF-73C0C87D682B}.Release|x86.ActiveCfg = Release|Any CPU
		{83B2F167-54A9-48E2-B5AF-73C0C87D682B}.Release|x86.Build.0 = Release|Any CPU
		{5FB5CB29-018B-4C34-8378-5A0348F6BCD9}.Ad-Hoc|Any CPU.ActiveCfg = Release|Any CPU
		{5FB5CB29-018B-4C34-8378-5A0348F6BCD9}.Ad-Hoc|Any CPU.Build.0 = Release|Any CPU
		{5FB5CB29-018B-4C34-8378-5A0348F6BCD9}.Ad-Hoc|ARM.ActiveCfg = Release|Any CPU
		{5FB5CB29-018B-4C34-8378-5A0348F6BCD9}.Ad-Hoc|ARM.Build.0 = Release|Any CPU
		{5FB5CB29-018B-4C34-8378-5A0348F6BCD9}.Ad-Hoc|iPhone.ActiveCfg = Release|Any CPU
		{5FB5CB29-018B-4C34-8378-5A0348F6BCD9}.Ad-Hoc|iPhone.Build.0 = Release|Any CPU
		{5FB5CB29-018B-4C34-8378-5A0348F6BCD9}.Ad-Hoc|iPhoneSimulator.ActiveCfg = Release|Any CPU
		{5FB5CB29-018B-4C34-8378-5A0348F6BCD9}.Ad-Hoc|iPhoneSimulator.Build.0 = Release|Any CPU
		{5FB5CB29-018B-4C34-8378-5A0348F6BCD9}.Ad-Hoc|x64.ActiveCfg = Release|Any CPU
		{5FB5CB29-018B-4C34-8378-5A0348F6BCD9}.Ad-Hoc|x64.Build.0 = Release|Any CPU
		{5FB5CB29-018B-4C34-8378-5A0348F6BCD9}.Ad-Hoc|x86.ActiveCfg = Release|Any CPU
		{5FB5CB29-018B-4C34-8378-5A0348F6BCD9}.Ad-Hoc|x86.Build.0 = Release|Any CPU
		{5FB5CB29-018B-4C34-8378-5A0348F6BCD9}.AppStore|Any CPU.ActiveCfg = Release|Any CPU
		{5FB5CB29-018B-4C34-8378-5A0348F6BCD9}.AppStore|Any CPU.Build.0 = Release|Any CPU
		{5FB5CB29-018B-4C34-8378-5A0348F6BCD9}.AppStore|ARM.ActiveCfg = Release|Any CPU
		{5FB5CB29-018B-4C34-8378-5A0348F6BCD9}.AppStore|ARM.Build.0 = Release|Any CPU
		{5FB5CB29-018B-4C34-8378-5A0348F6BCD9}.AppStore|iPhone.ActiveCfg = Release|Any CPU
		{5FB5CB29-018B-4C34-8378-5A0348F6BCD9}.AppStore|iPhone.Build.0 = Release|Any CPU
		{5FB5CB29-018B-4C34-8378-5A0348F6BCD9}.AppStore|iPhoneSimulator.ActiveCfg = Release|Any CPU
		{5FB5CB29-018B-4C34-8378-5A0348F6BCD9}.AppStore|iPhoneSimulator.Build.0 = Release|Any CPU
		{5FB5CB29-018B-4C34-8378-5A0348F6BCD9}.AppStore|x64.ActiveCfg = Release|Any CPU
		{5FB5CB29-018B-4C34-8378-5A0348F6BCD9}.AppStore|x64.Build.0 = Release|Any CPU
		{5FB5CB29-018B-4C34-8378-5A0348F6BCD9}.AppStore|x86.ActiveCfg = Release|Any CPU
		{5FB5CB29-018B-4C34-8378-5A0348F6BCD9}.AppStore|x86.Build.0 = Release|Any CPU
		{5FB5CB29-018B-4C34-8378-5A0348F6BCD9}.Debug|Any CPU.ActiveCfg = Debug|Any CPU
		{5FB5CB29-018B-4C34-8378-5A0348F6BCD9}.Debug|Any CPU.Build.0 = Debug|Any CPU
		{5FB5CB29-018B-4C34-8378-5A0348F6BCD9}.Debug|ARM.ActiveCfg = Debug|Any CPU
		{5FB5CB29-018B-4C34-8378-5A0348F6BCD9}.Debug|ARM.Build.0 = Debug|Any CPU
		{5FB5CB29-018B-4C34-8378-5A0348F6BCD9}.Debug|iPhone.ActiveCfg = Debug|Any CPU
		{5FB5CB29-018B-4C34-8378-5A0348F6BCD9}.Debug|iPhone.Build.0 = Debug|Any CPU
		{5FB5CB29-018B-4C34-8378-5A0348F6BCD9}.Debug|iPhoneSimulator.ActiveCfg = Debug|Any CPU
		{5FB5CB29-018B-4C34-8378-5A0348F6BCD9}.Debug|iPhoneSimulator.Build.0 = Debug|Any CPU
		{5FB5CB29-018B-4C34-8378-5A0348F6BCD9}.Debug|x64.ActiveCfg = Debug|Any CPU
		{5FB5CB29-018B-4C34-8378-5A0348F6BCD9}.Debug|x64.Build.0 = Debug|Any CPU
		{5FB5CB29-018B-4C34-8378-5A0348F6BCD9}.Debug|x86.ActiveCfg = Debug|Any CPU
		{5FB5CB29-018B-4C34-8378-5A0348F6BCD9}.Debug|x86.Build.0 = Debug|Any CPU
		{5FB5CB29-018B-4C34-8378-5A0348F6BCD9}.Release|Any CPU.ActiveCfg = Release|Any CPU
		{5FB5CB29-018B-4C34-8378-5A0348F6BCD9}.Release|Any CPU.Build.0 = Release|Any CPU
		{5FB5CB29-018B-4C34-8378-5A0348F6BCD9}.Release|ARM.ActiveCfg = Release|Any CPU
		{5FB5CB29-018B-4C34-8378-5A0348F6BCD9}.Release|ARM.Build.0 = Release|Any CPU
		{5FB5CB29-018B-4C34-8378-5A0348F6BCD9}.Release|iPhone.ActiveCfg = Release|Any CPU
		{5FB5CB29-018B-4C34-8378-5A0348F6BCD9}.Release|iPhone.Build.0 = Release|Any CPU
		{5FB5CB29-018B-4C34-8378-5A0348F6BCD9}.Release|iPhoneSimulator.ActiveCfg = Release|Any CPU
		{5FB5CB29-018B-4C34-8378-5A0348F6BCD9}.Release|iPhoneSimulator.Build.0 = Release|Any CPU
		{5FB5CB29-018B-4C34-8378-5A0348F6BCD9}.Release|x64.ActiveCfg = Release|Any CPU
		{5FB5CB29-018B-4C34-8378-5A0348F6BCD9}.Release|x64.Build.0 = Release|Any CPU
		{5FB5CB29-018B-4C34-8378-5A0348F6BCD9}.Release|x86.ActiveCfg = Release|Any CPU
		{5FB5CB29-018B-4C34-8378-5A0348F6BCD9}.Release|x86.Build.0 = Release|Any CPU
		{8E36312E-CBF8-4232-AABD-303615FEBD1B}.Ad-Hoc|Any CPU.ActiveCfg = Release|Any CPU
		{8E36312E-CBF8-4232-AABD-303615FEBD1B}.Ad-Hoc|Any CPU.Build.0 = Release|Any CPU
		{8E36312E-CBF8-4232-AABD-303615FEBD1B}.Ad-Hoc|ARM.ActiveCfg = Release|Any CPU
		{8E36312E-CBF8-4232-AABD-303615FEBD1B}.Ad-Hoc|ARM.Build.0 = Release|Any CPU
		{8E36312E-CBF8-4232-AABD-303615FEBD1B}.Ad-Hoc|iPhone.ActiveCfg = Release|Any CPU
		{8E36312E-CBF8-4232-AABD-303615FEBD1B}.Ad-Hoc|iPhone.Build.0 = Release|Any CPU
		{8E36312E-CBF8-4232-AABD-303615FEBD1B}.Ad-Hoc|iPhoneSimulator.ActiveCfg = Release|Any CPU
		{8E36312E-CBF8-4232-AABD-303615FEBD1B}.Ad-Hoc|iPhoneSimulator.Build.0 = Release|Any CPU
		{8E36312E-CBF8-4232-AABD-303615FEBD1B}.Ad-Hoc|x64.ActiveCfg = Release|Any CPU
		{8E36312E-CBF8-4232-AABD-303615FEBD1B}.Ad-Hoc|x64.Build.0 = Release|Any CPU
		{8E36312E-CBF8-4232-AABD-303615FEBD1B}.Ad-Hoc|x86.ActiveCfg = Release|Any CPU
		{8E36312E-CBF8-4232-AABD-303615FEBD1B}.Ad-Hoc|x86.Build.0 = Release|Any CPU
		{8E36312E-CBF8-4232-AABD-303615FEBD1B}.AppStore|Any CPU.ActiveCfg = Release|Any CPU
		{8E36312E-CBF8-4232-AABD-303615FEBD1B}.AppStore|Any CPU.Build.0 = Release|Any CPU
		{8E36312E-CBF8-4232-AABD-303615FEBD1B}.AppStore|ARM.ActiveCfg = Release|Any CPU
		{8E36312E-CBF8-4232-AABD-303615FEBD1B}.AppStore|ARM.Build.0 = Release|Any CPU
		{8E36312E-CBF8-4232-AABD-303615FEBD1B}.AppStore|iPhone.ActiveCfg = Release|Any CPU
		{8E36312E-CBF8-4232-AABD-303615FEBD1B}.AppStore|iPhone.Build.0 = Release|Any CPU
		{8E36312E-CBF8-4232-AABD-303615FEBD1B}.AppStore|iPhoneSimulator.ActiveCfg = Release|Any CPU
		{8E36312E-CBF8-4232-AABD-303615FEBD1B}.AppStore|iPhoneSimulator.Build.0 = Release|Any CPU
		{8E36312E-CBF8-4232-AABD-303615FEBD1B}.AppStore|x64.ActiveCfg = Release|Any CPU
		{8E36312E-CBF8-4232-AABD-303615FEBD1B}.AppStore|x64.Build.0 = Release|Any CPU
		{8E36312E-CBF8-4232-AABD-303615FEBD1B}.AppStore|x86.ActiveCfg = Release|Any CPU
		{8E36312E-CBF8-4232-AABD-303615FEBD1B}.AppStore|x86.Build.0 = Release|Any CPU
		{8E36312E-CBF8-4232-AABD-303615FEBD1B}.Debug|Any CPU.ActiveCfg = Debug|Any CPU
		{8E36312E-CBF8-4232-AABD-303615FEBD1B}.Debug|Any CPU.Build.0 = Debug|Any CPU
		{8E36312E-CBF8-4232-AABD-303615FEBD1B}.Debug|ARM.ActiveCfg = Debug|Any CPU
		{8E36312E-CBF8-4232-AABD-303615FEBD1B}.Debug|ARM.Build.0 = Debug|Any CPU
		{8E36312E-CBF8-4232-AABD-303615FEBD1B}.Debug|iPhone.ActiveCfg = Debug|Any CPU
		{8E36312E-CBF8-4232-AABD-303615FEBD1B}.Debug|iPhone.Build.0 = Debug|Any CPU
		{8E36312E-CBF8-4232-AABD-303615FEBD1B}.Debug|iPhoneSimulator.ActiveCfg = Debug|Any CPU
		{8E36312E-CBF8-4232-AABD-303615FEBD1B}.Debug|iPhoneSimulator.Build.0 = Debug|Any CPU
		{8E36312E-CBF8-4232-AABD-303615FEBD1B}.Debug|x64.ActiveCfg = Debug|Any CPU
		{8E36312E-CBF8-4232-AABD-303615FEBD1B}.Debug|x64.Build.0 = Debug|Any CPU
		{8E36312E-CBF8-4232-AABD-303615FEBD1B}.Debug|x86.ActiveCfg = Debug|Any CPU
		{8E36312E-CBF8-4232-AABD-303615FEBD1B}.Debug|x86.Build.0 = Debug|Any CPU
		{8E36312E-CBF8-4232-AABD-303615FEBD1B}.Release|Any CPU.ActiveCfg = Release|Any CPU
		{8E36312E-CBF8-4232-AABD-303615FEBD1B}.Release|Any CPU.Build.0 = Release|Any CPU
		{8E36312E-CBF8-4232-AABD-303615FEBD1B}.Release|ARM.ActiveCfg = Release|Any CPU
		{8E36312E-CBF8-4232-AABD-303615FEBD1B}.Release|ARM.Build.0 = Release|Any CPU
		{8E36312E-CBF8-4232-AABD-303615FEBD1B}.Release|iPhone.ActiveCfg = Release|Any CPU
		{8E36312E-CBF8-4232-AABD-303615FEBD1B}.Release|iPhone.Build.0 = Release|Any CPU
		{8E36312E-CBF8-4232-AABD-303615FEBD1B}.Release|iPhoneSimulator.ActiveCfg = Release|Any CPU
		{8E36312E-CBF8-4232-AABD-303615FEBD1B}.Release|iPhoneSimulator.Build.0 = Release|Any CPU
		{8E36312E-CBF8-4232-AABD-303615FEBD1B}.Release|x64.ActiveCfg = Release|Any CPU
		{8E36312E-CBF8-4232-AABD-303615FEBD1B}.Release|x64.Build.0 = Release|Any CPU
		{8E36312E-CBF8-4232-AABD-303615FEBD1B}.Release|x86.ActiveCfg = Release|Any CPU
		{8E36312E-CBF8-4232-AABD-303615FEBD1B}.Release|x86.Build.0 = Release|Any CPU
	EndGlobalSection
	GlobalSection(SolutionProperties) = preSolution
		HideSolutionNode = FALSE
	EndGlobalSection
	GlobalSection(NestedProjects) = preSolution
		{2EBBF37C-6725-44C2-AD81-977351725F09} = {5DCB6A9F-23DA-4420-B5FD-DD3EA458E196}
		{B9CA6694-6F3F-4CFC-A8B3-CBE04D0037ED} = {5DCB6A9F-23DA-4420-B5FD-DD3EA458E196}
		{83B2F167-54A9-48E2-B5AF-73C0C87D682B} = {5DCB6A9F-23DA-4420-B5FD-DD3EA458E196}
		{5FB5CB29-018B-4C34-8378-5A0348F6BCD9} = {5DCB6A9F-23DA-4420-B5FD-DD3EA458E196}
		{8E36312E-CBF8-4232-AABD-303615FEBD1B} = {5DCB6A9F-23DA-4420-B5FD-DD3EA458E196}
	EndGlobalSection
	GlobalSection(ExtensibilityGlobals) = postSolution
		SolutionGuid = {30552C2C-796B-43C2-8D89-1D4C8C853F23}
	EndGlobalSection
EndGlobal
